
Microsoft Visual Studio Solution File, Format Version 12.00
# Visual Studio 14
VisualStudioVersion = 14.0.23107.0
MinimumVisualStudioVersion = 10.0.40219.1
Project("{FAE04EC0-301F-11D3-BF4B-00C04F79EFBC}") = "LightShell.App", "JIRA Plugin\LightShell.App\LightShell.App.csproj", "{97C43D4E-239B-401E-AC7A-F52F24D4CD64}"
EndProject
Project("{FAE04EC0-301F-11D3-BF4B-00C04F79EFBC}") = "LightShell.Api", "LightShell.Core\LightShell.Api\LightShell.Api.csproj", "{ADD8F9A1-DAE9-4CC2-8B5D-A5B36F4E7D98}"
EndProject
Project("{FAE04EC0-301F-11D3-BF4B-00C04F79EFBC}") = "LightShell.Messaging", "LightShell.Core\LightShell.Messaging\LightShell.Messaging.csproj", "{7DBBDE05-EF7F-4FB3-B4D5-540A03E4B9B4}"
EndProject
Project("{2150E333-8FDC-42A3-9474-1A3956D46DE8}") = "Tests", "Tests", "{05CBDD8C-9F84-496F-A54D-6406468A047B}"
EndProject
Project("{FAE04EC0-301F-11D3-BF4B-00C04F79EFBC}") = "Yakuza.JiraClient.UnitTests", "Tests\Yakuza.JiraClient.UnitTests\Yakuza.JiraClient.UnitTests.csproj", "{3BAEF616-C997-4B97-9BC7-01B4641C11AD}"
EndProject
Project("{FAE04EC0-301F-11D3-BF4B-00C04F79EFBC}") = "LightShell.Plugin.Jira.Analysis", "JIRA Plugin\LightShell.Plugin.Jira.Analysis\LightShell.Plugin.Jira.Analysis.csproj", "{E3B2571E-D4DE-416A-93B5-33DFE37E732C}"
EndProject
Project("{FAE04EC0-301F-11D3-BF4B-00C04F79EFBC}") = "LightShell.Plugin.Jira.Diagnostics", "JIRA Plugin\LightShell.Plugin.Jira.Diagnostics\LightShell.Plugin.Jira.Diagnostics.csproj", "{5B62120A-19F0-4487-9D46-6E0CADDBB206}"
EndProject
Project("{2150E333-8FDC-42A3-9474-1A3956D46DE8}") = "JIRA Plugin", "JIRA Plugin", "{711D570D-C54B-42DA-B51F-FF51D6128AC2}"
EndProject
Project("{FAE04EC0-301F-11D3-BF4B-00C04F79EFBC}") = "LightShell.Plugin.Jira.Agile", "JIRA Plugin\LightShell.Plugin.Jira.Agile\LightShell.Plugin.Jira.Agile.csproj", "{08031EED-CF59-43F6-ADD3-D906CE439ADD}"
EndProject
Project("{2150E333-8FDC-42A3-9474-1A3956D46DE8}") = "Core", "Core", "{60BD53AA-85EB-4133-BA9E-771A49B149C5}"
EndProject
Project("{FAE04EC0-301F-11D3-BF4B-00C04F79EFBC}") = "LightShell.Plugin.Jira", "JIRA Plugin\LightShell.Plugin.Jira\LightShell.Plugin.Jira.csproj", "{BD615799-BBF4-4DB7-BD0F-FC0C1105A8C6}"
EndProject
Project("{FAE04EC0-301F-11D3-BF4B-00C04F79EFBC}") = "LightShell.Plugin.Jira.Api", "JIRA Plugin\LightShell.Plugin.Jira.Api\LightShell.Plugin.Jira.Api.csproj", "{D666C6BD-8893-4B39-AF80-39106349F083}"
EndProject
Project("{FAE04EC0-301F-11D3-BF4B-00C04F79EFBC}") = "LightShell.Plugin.Diagnostics", "LightShell.Core\LightShell.Plugin.Diagnostics\LightShell.Plugin.Diagnostics.csproj", "{18CBF1BE-5C17-460D-8EDD-2B793AFD9763}"
EndProject
Project("{FAE04EC0-301F-11D3-BF4B-00C04F79EFBC}") = "LightShell", "LightShell\LightShell.csproj", "{579B8082-42B3-4C67-943F-97BDDB2FFC62}"
EndProject
Global
	GlobalSection(SolutionConfigurationPlatforms) = preSolution
		Debug|Any CPU = Debug|Any CPU
		Debug|x86 = Debug|x86
		Release|Any CPU = Release|Any CPU
		Release|x86 = Release|x86
	EndGlobalSection
	GlobalSection(ProjectConfigurationPlatforms) = postSolution
		{97C43D4E-239B-401E-AC7A-F52F24D4CD64}.Debug|Any CPU.ActiveCfg = Debug|x86
		{97C43D4E-239B-401E-AC7A-F52F24D4CD64}.Debug|x86.ActiveCfg = Debug|x86
		{97C43D4E-239B-401E-AC7A-F52F24D4CD64}.Debug|x86.Build.0 = Debug|x86
		{97C43D4E-239B-401E-AC7A-F52F24D4CD64}.Release|Any CPU.ActiveCfg = Release|x86
		{97C43D4E-239B-401E-AC7A-F52F24D4CD64}.Release|x86.ActiveCfg = Release|x86
		{97C43D4E-239B-401E-AC7A-F52F24D4CD64}.Release|x86.Build.0 = Release|x86
		{ADD8F9A1-DAE9-4CC2-8B5D-A5B36F4E7D98}.Debug|Any CPU.ActiveCfg = Debug|x86
		{ADD8F9A1-DAE9-4CC2-8B5D-A5B36F4E7D98}.Debug|x86.ActiveCfg = Debug|x86
		{ADD8F9A1-DAE9-4CC2-8B5D-A5B36F4E7D98}.Debug|x86.Build.0 = Debug|x86
		{ADD8F9A1-DAE9-4CC2-8B5D-A5B36F4E7D98}.Release|Any CPU.ActiveCfg = Release|x86
		{ADD8F9A1-DAE9-4CC2-8B5D-A5B36F4E7D98}.Release|x86.ActiveCfg = Release|x86
		{ADD8F9A1-DAE9-4CC2-8B5D-A5B36F4E7D98}.Release|x86.Build.0 = Release|x86
		{7DBBDE05-EF7F-4FB3-B4D5-540A03E4B9B4}.Debug|Any CPU.ActiveCfg = Debug|x86
		{7DBBDE05-EF7F-4FB3-B4D5-540A03E4B9B4}.Debug|x86.ActiveCfg = Debug|x86
		{7DBBDE05-EF7F-4FB3-B4D5-540A03E4B9B4}.Debug|x86.Build.0 = Debug|x86
		{7DBBDE05-EF7F-4FB3-B4D5-540A03E4B9B4}.Release|Any CPU.ActiveCfg = Release|x86
		{7DBBDE05-EF7F-4FB3-B4D5-540A03E4B9B4}.Release|x86.ActiveCfg = Release|x86
		{7DBBDE05-EF7F-4FB3-B4D5-540A03E4B9B4}.Release|x86.Build.0 = Release|x86
		{3BAEF616-C997-4B97-9BC7-01B4641C11AD}.Debug|Any CPU.ActiveCfg = Debug|x86
		{3BAEF616-C997-4B97-9BC7-01B4641C11AD}.Debug|x86.ActiveCfg = Debug|x86
		{3BAEF616-C997-4B97-9BC7-01B4641C11AD}.Debug|x86.Build.0 = Debug|x86
		{3BAEF616-C997-4B97-9BC7-01B4641C11AD}.Release|Any CPU.ActiveCfg = Release|x86
		{3BAEF616-C997-4B97-9BC7-01B4641C11AD}.Release|x86.ActiveCfg = Release|x86
		{3BAEF616-C997-4B97-9BC7-01B4641C11AD}.Release|x86.Build.0 = Release|x86
		{E3B2571E-D4DE-416A-93B5-33DFE37E732C}.Debug|Any CPU.ActiveCfg = Debug|Any CPU
		{E3B2571E-D4DE-416A-93B5-33DFE37E732C}.Debug|Any CPU.Build.0 = Debug|Any CPU
		{E3B2571E-D4DE-416A-93B5-33DFE37E732C}.Debug|x86.ActiveCfg = Debug|Any CPU
		{E3B2571E-D4DE-416A-93B5-33DFE37E732C}.Debug|x86.Build.0 = Debug|Any CPU
		{E3B2571E-D4DE-416A-93B5-33DFE37E732C}.Release|Any CPU.ActiveCfg = Release|Any CPU
		{E3B2571E-D4DE-416A-93B5-33DFE37E732C}.Release|Any CPU.Build.0 = Release|Any CPU
		{E3B2571E-D4DE-416A-93B5-33DFE37E732C}.Release|x86.ActiveCfg = Release|Any CPU
		{E3B2571E-D4DE-416A-93B5-33DFE37E732C}.Release|x86.Build.0 = Release|Any CPU
		{5B62120A-19F0-4487-9D46-6E0CADDBB206}.Debug|Any CPU.ActiveCfg = Debug|Any CPU
		{5B62120A-19F0-4487-9D46-6E0CADDBB206}.Debug|Any CPU.Build.0 = Debug|Any CPU
		{5B62120A-19F0-4487-9D46-6E0CADDBB206}.Debug|x86.ActiveCfg = Debug|Any CPU
		{5B62120A-19F0-4487-9D46-6E0CADDBB206}.Debug|x86.Build.0 = Debug|Any CPU
		{5B62120A-19F0-4487-9D46-6E0CADDBB206}.Release|Any CPU.ActiveCfg = Release|Any CPU
		{5B62120A-19F0-4487-9D46-6E0CADDBB206}.Release|Any CPU.Build.0 = Release|Any CPU
		{5B62120A-19F0-4487-9D46-6E0CADDBB206}.Release|x86.ActiveCfg = Release|Any CPU
		{5B62120A-19F0-4487-9D46-6E0CADDBB206}.Release|x86.Build.0 = Release|Any CPU
		{08031EED-CF59-43F6-ADD3-D906CE439ADD}.Debug|Any CPU.ActiveCfg = Debug|Any CPU
		{08031EED-CF59-43F6-ADD3-D906CE439ADD}.Debug|Any CPU.Build.0 = Debug|Any CPU
		{08031EED-CF59-43F6-ADD3-D906CE439ADD}.Debug|x86.ActiveCfg = Debug|Any CPU
		{08031EED-CF59-43F6-ADD3-D906CE439ADD}.Debug|x86.Build.0 = Debug|Any CPU
		{08031EED-CF59-43F6-ADD3-D906CE439ADD}.Release|Any CPU.ActiveCfg = Release|Any CPU
		{08031EED-CF59-43F6-ADD3-D906CE439ADD}.Release|Any CPU.Build.0 = Release|Any CPU
		{08031EED-CF59-43F6-ADD3-D906CE439ADD}.Release|x86.ActiveCfg = Release|Any CPU
		{08031EED-CF59-43F6-ADD3-D906CE439ADD}.Release|x86.Build.0 = Release|Any CPU
		{BD615799-BBF4-4DB7-BD0F-FC0C1105A8C6}.Debug|Any CPU.ActiveCfg = Debug|Any CPU
		{BD615799-BBF4-4DB7-BD0F-FC0C1105A8C6}.Debug|Any CPU.Build.0 = Debug|Any CPU
		{BD615799-BBF4-4DB7-BD0F-FC0C1105A8C6}.Debug|x86.ActiveCfg = Debug|Any CPU
		{BD615799-BBF4-4DB7-BD0F-FC0C1105A8C6}.Debug|x86.Build.0 = Debug|Any CPU
		{BD615799-BBF4-4DB7-BD0F-FC0C1105A8C6}.Release|Any CPU.ActiveCfg = Release|Any CPU
		{BD615799-BBF4-4DB7-BD0F-FC0C1105A8C6}.Release|Any CPU.Build.0 = Release|Any CPU
		{BD615799-BBF4-4DB7-BD0F-FC0C1105A8C6}.Release|x86.ActiveCfg = Release|Any CPU
		{BD615799-BBF4-4DB7-BD0F-FC0C1105A8C6}.Release|x86.Build.0 = Release|Any CPU
		{D666C6BD-8893-4B39-AF80-39106349F083}.Debug|Any CPU.ActiveCfg = Debug|Any CPU
		{D666C6BD-8893-4B39-AF80-39106349F083}.Debug|Any CPU.Build.0 = Debug|Any CPU
		{D666C6BD-8893-4B39-AF80-39106349F083}.Debug|x86.ActiveCfg = Debug|Any CPU
		{D666C6BD-8893-4B39-AF80-39106349F083}.Debug|x86.Build.0 = Debug|Any CPU
		{D666C6BD-8893-4B39-AF80-39106349F083}.Release|Any CPU.ActiveCfg = Release|Any CPU
		{D666C6BD-8893-4B39-AF80-39106349F083}.Release|Any CPU.Build.0 = Release|Any CPU
		{D666C6BD-8893-4B39-AF80-39106349F083}.Release|x86.ActiveCfg = Release|Any CPU
		{D666C6BD-8893-4B39-AF80-39106349F083}.Release|x86.Build.0 = Release|Any CPU
		{18CBF1BE-5C17-460D-8EDD-2B793AFD9763}.Debug|Any CPU.ActiveCfg = Debug|Any CPU
		{18CBF1BE-5C17-460D-8EDD-2B793AFD9763}.Debug|Any CPU.Build.0 = Debug|Any CPU
		{18CBF1BE-5C17-460D-8EDD-2B793AFD9763}.Debug|x86.ActiveCfg = Debug|Any CPU
		{18CBF1BE-5C17-460D-8EDD-2B793AFD9763}.Debug|x86.Build.0 = Debug|Any CPU
		{18CBF1BE-5C17-460D-8EDD-2B793AFD9763}.Release|Any CPU.ActiveCfg = Release|Any CPU
		{18CBF1BE-5C17-460D-8EDD-2B793AFD9763}.Release|Any CPU.Build.0 = Release|Any CPU
		{18CBF1BE-5C17-460D-8EDD-2B793AFD9763}.Release|x86.ActiveCfg = Release|Any CPU
		{18CBF1BE-5C17-460D-8EDD-2B793AFD9763}.Release|x86.Build.0 = Release|Any CPU
		{579B8082-42B3-4C67-943F-97BDDB2FFC62}.Debug|Any CPU.ActiveCfg = Debug|Any CPU
		{579B8082-42B3-4C67-943F-97BDDB2FFC62}.Debug|Any CPU.Build.0 = Debug|Any CPU
		{579B8082-42B3-4C67-943F-97BDDB2FFC62}.Debug|x86.ActiveCfg = Debug|Any CPU
		{579B8082-42B3-4C67-943F-97BDDB2FFC62}.Debug|x86.Build.0 = Debug|Any CPU
		{579B8082-42B3-4C67-943F-97BDDB2FFC62}.Release|Any CPU.ActiveCfg = Release|Any CPU
		{579B8082-42B3-4C67-943F-97BDDB2FFC62}.Release|Any CPU.Build.0 = Release|Any CPU
		{579B8082-42B3-4C67-943F-97BDDB2FFC62}.Release|x86.ActiveCfg = Release|Any CPU
		{579B8082-42B3-4C67-943F-97BDDB2FFC62}.Release|x86.Build.0 = Release|Any CPU
	EndGlobalSection
	GlobalSection(SolutionProperties) = preSolution
		HideSolutionNode = FALSE
	EndGlobalSection
	GlobalSection(NestedProjects) = preSolution
		{97C43D4E-239B-401E-AC7A-F52F24D4CD64} = {711D570D-C54B-42DA-B51F-FF51D6128AC2}
		{ADD8F9A1-DAE9-4CC2-8B5D-A5B36F4E7D98} = {60BD53AA-85EB-4133-BA9E-771A49B149C5}
		{7DBBDE05-EF7F-4FB3-B4D5-540A03E4B9B4} = {60BD53AA-85EB-4133-BA9E-771A49B149C5}
		{3BAEF616-C997-4B97-9BC7-01B4641C11AD} = {05CBDD8C-9F84-496F-A54D-6406468A047B}
		{E3B2571E-D4DE-416A-93B5-33DFE37E732C} = {711D570D-C54B-42DA-B51F-FF51D6128AC2}
		{5B62120A-19F0-4487-9D46-6E0CADDBB206} = {711D570D-C54B-42DA-B51F-FF51D6128AC2}
		{08031EED-CF59-43F6-ADD3-D906CE439ADD} = {711D570D-C54B-42DA-B51F-FF51D6128AC2}
		{BD615799-BBF4-4DB7-BD0F-FC0C1105A8C6} = {711D570D-C54B-42DA-B51F-FF51D6128AC2}
		{D666C6BD-8893-4B39-AF80-39106349F083} = {711D570D-C54B-42DA-B51F-FF51D6128AC2}
		{18CBF1BE-5C17-460D-8EDD-2B793AFD9763} = {60BD53AA-85EB-4133-BA9E-771A49B149C5}
	EndGlobalSection
EndGlobal
