
Microsoft Visual Studio Solution File, Format Version 12.00
# Visual Studio 14
VisualStudioVersion = 14.0.23107.0
MinimumVisualStudioVersion = 10.0.40219.1
Project("{FAE04EC0-301F-11D3-BF4B-00C04F79EFBC}") = "Yakuza.JiraClient", "Yakuza.JiraClient\Yakuza.JiraClient.csproj", "{97C43D4E-239B-401E-AC7A-F52F24D4CD64}"
EndProject
Project("{FAE04EC0-301F-11D3-BF4B-00C04F79EFBC}") = "Yakuza.JiraClient.Controls", "Yakuza.JiraClient.IssueFields\Yakuza.JiraClient.Controls.csproj", "{19DF2ACB-AAD3-4DD7-9B8A-E75AA193D2CE}"
EndProject
Project("{FAE04EC0-301F-11D3-BF4B-00C04F79EFBC}") = "Yakuza.JiraClient.Api", "Yakuza.JiraClient.Api\Yakuza.JiraClient.Api.csproj", "{ADD8F9A1-DAE9-4CC2-8B5D-A5B36F4E7D98}"
EndProject
Project("{FAE04EC0-301F-11D3-BF4B-00C04F79EFBC}") = "Yakuza.JiraClient.Messaging", "Yakuza.JiraClient.Messaging\Yakuza.JiraClient.Messaging.csproj", "{7DBBDE05-EF7F-4FB3-B4D5-540A03E4B9B4}"
EndProject
Project("{2150E333-8FDC-42A3-9474-1A3956D46DE8}") = "Tests", "Tests", "{05CBDD8C-9F84-496F-A54D-6406468A047B}"
EndProject
Project("{FAE04EC0-301F-11D3-BF4B-00C04F79EFBC}") = "Yakuza.JiraClient.UnitTests", "Tests\Yakuza.JiraClient.UnitTests\Yakuza.JiraClient.UnitTests.csproj", "{3BAEF616-C997-4B97-9BC7-01B4641C11AD}"
EndProject
Project("{FAE04EC0-301F-11D3-BF4B-00C04F79EFBC}") = "Yakuza.JiraClient.IO", "Yakuza.JiraClient.IO\Yakuza.JiraClient.IO.csproj", "{FCBE50BC-7CC8-4C86-BEE9-6F86FF34A912}"
EndProject
Project("{FAE04EC0-301F-11D3-BF4B-00C04F79EFBC}") = "Yakuza.JiraClient.Plugins.Charting", "Yakuza.JiraClient.Plugins.Charting\Yakuza.JiraClient.Plugins.Charting.csproj", "{E3B2571E-D4DE-416A-93B5-33DFE37E732C}"
EndProject
Global
	GlobalSection(SolutionConfigurationPlatforms) = preSolution
		Debug|Any CPU = Debug|Any CPU
		Debug|x86 = Debug|x86
		Release|Any CPU = Release|Any CPU
		Release|x86 = Release|x86
	EndGlobalSection
	GlobalSection(ProjectConfigurationPlatforms) = postSolution
		{97C43D4E-239B-401E-AC7A-F52F24D4CD64}.Debug|Any CPU.ActiveCfg = Debug|x86
		{97C43D4E-239B-401E-AC7A-F52F24D4CD64}.Debug|x86.ActiveCfg = Debug|x86
		{97C43D4E-239B-401E-AC7A-F52F24D4CD64}.Debug|x86.Build.0 = Debug|x86
		{97C43D4E-239B-401E-AC7A-F52F24D4CD64}.Release|Any CPU.ActiveCfg = Release|x86
		{97C43D4E-239B-401E-AC7A-F52F24D4CD64}.Release|x86.ActiveCfg = Release|x86
		{97C43D4E-239B-401E-AC7A-F52F24D4CD64}.Release|x86.Build.0 = Release|x86
		{19DF2ACB-AAD3-4DD7-9B8A-E75AA193D2CE}.Debug|Any CPU.ActiveCfg = Debug|x86
		{19DF2ACB-AAD3-4DD7-9B8A-E75AA193D2CE}.Debug|x86.ActiveCfg = Debug|x86
		{19DF2ACB-AAD3-4DD7-9B8A-E75AA193D2CE}.Debug|x86.Build.0 = Debug|x86
		{19DF2ACB-AAD3-4DD7-9B8A-E75AA193D2CE}.Release|Any CPU.ActiveCfg = Release|x86
		{19DF2ACB-AAD3-4DD7-9B8A-E75AA193D2CE}.Release|x86.ActiveCfg = Release|x86
		{19DF2ACB-AAD3-4DD7-9B8A-E75AA193D2CE}.Release|x86.Build.0 = Release|x86
		{ADD8F9A1-DAE9-4CC2-8B5D-A5B36F4E7D98}.Debug|Any CPU.ActiveCfg = Debug|x86
		{ADD8F9A1-DAE9-4CC2-8B5D-A5B36F4E7D98}.Debug|x86.ActiveCfg = Debug|x86
		{ADD8F9A1-DAE9-4CC2-8B5D-A5B36F4E7D98}.Debug|x86.Build.0 = Debug|x86
		{ADD8F9A1-DAE9-4CC2-8B5D-A5B36F4E7D98}.Release|Any CPU.ActiveCfg = Release|x86
		{ADD8F9A1-DAE9-4CC2-8B5D-A5B36F4E7D98}.Release|x86.ActiveCfg = Release|x86
		{ADD8F9A1-DAE9-4CC2-8B5D-A5B36F4E7D98}.Release|x86.Build.0 = Release|x86
		{7DBBDE05-EF7F-4FB3-B4D5-540A03E4B9B4}.Debug|Any CPU.ActiveCfg = Debug|x86
		{7DBBDE05-EF7F-4FB3-B4D5-540A03E4B9B4}.Debug|x86.ActiveCfg = Debug|x86
		{7DBBDE05-EF7F-4FB3-B4D5-540A03E4B9B4}.Debug|x86.Build.0 = Debug|x86
		{7DBBDE05-EF7F-4FB3-B4D5-540A03E4B9B4}.Release|Any CPU.ActiveCfg = Release|x86
		{7DBBDE05-EF7F-4FB3-B4D5-540A03E4B9B4}.Release|x86.ActiveCfg = Release|x86
		{7DBBDE05-EF7F-4FB3-B4D5-540A03E4B9B4}.Release|x86.Build.0 = Release|x86
		{3BAEF616-C997-4B97-9BC7-01B4641C11AD}.Debug|Any CPU.ActiveCfg = Debug|x86
		{3BAEF616-C997-4B97-9BC7-01B4641C11AD}.Debug|x86.ActiveCfg = Debug|x86
		{3BAEF616-C997-4B97-9BC7-01B4641C11AD}.Debug|x86.Build.0 = Debug|x86
		{3BAEF616-C997-4B97-9BC7-01B4641C11AD}.Release|Any CPU.ActiveCfg = Release|x86
		{3BAEF616-C997-4B97-9BC7-01B4641C11AD}.Release|x86.ActiveCfg = Release|x86
		{3BAEF616-C997-4B97-9BC7-01B4641C11AD}.Release|x86.Build.0 = Release|x86
		{FCBE50BC-7CC8-4C86-BEE9-6F86FF34A912}.Debug|Any CPU.ActiveCfg = Debug|x86
		{FCBE50BC-7CC8-4C86-BEE9-6F86FF34A912}.Debug|x86.ActiveCfg = Debug|x86
		{FCBE50BC-7CC8-4C86-BEE9-6F86FF34A912}.Debug|x86.Build.0 = Debug|x86
		{FCBE50BC-7CC8-4C86-BEE9-6F86FF34A912}.Release|Any CPU.ActiveCfg = Release|x86
		{FCBE50BC-7CC8-4C86-BEE9-6F86FF34A912}.Release|x86.ActiveCfg = Release|x86
		{FCBE50BC-7CC8-4C86-BEE9-6F86FF34A912}.Release|x86.Build.0 = Release|x86
		{E3B2571E-D4DE-416A-93B5-33DFE37E732C}.Debug|Any CPU.ActiveCfg = Debug|Any CPU
		{E3B2571E-D4DE-416A-93B5-33DFE37E732C}.Debug|Any CPU.Build.0 = Debug|Any CPU
		{E3B2571E-D4DE-416A-93B5-33DFE37E732C}.Debug|x86.ActiveCfg = Debug|Any CPU
		{E3B2571E-D4DE-416A-93B5-33DFE37E732C}.Debug|x86.Build.0 = Debug|Any CPU
		{E3B2571E-D4DE-416A-93B5-33DFE37E732C}.Release|Any CPU.ActiveCfg = Release|Any CPU
		{E3B2571E-D4DE-416A-93B5-33DFE37E732C}.Release|Any CPU.Build.0 = Release|Any CPU
		{E3B2571E-D4DE-416A-93B5-33DFE37E732C}.Release|x86.ActiveCfg = Release|Any CPU
		{E3B2571E-D4DE-416A-93B5-33DFE37E732C}.Release|x86.Build.0 = Release|Any CPU
	EndGlobalSection
	GlobalSection(SolutionProperties) = preSolution
		HideSolutionNode = FALSE
	EndGlobalSection
	GlobalSection(NestedProjects) = preSolution
		{3BAEF616-C997-4B97-9BC7-01B4641C11AD} = {05CBDD8C-9F84-496F-A54D-6406468A047B}
	EndGlobalSection
EndGlobal
