
Microsoft Visual Studio Solution File, Format Version 12.00
# Visual Studio 14
VisualStudioVersion = 14.0.25123.0
MinimumVisualStudioVersion = 10.0.40219.1
Project("{FAE04EC0-301F-11D3-BF4B-00C04F79EFBC}") = "JiraAssistant", "JiraAssistant\JiraAssistant.csproj", "{E6F169BA-2A7A-4EFC-9A87-D8EC3DAA2929}"
EndProject
Project("{FAE04EC0-301F-11D3-BF4B-00C04F79EFBC}") = "JiraAssistant.Logic", "JiraAssistant.Logic\JiraAssistant.Logic.csproj", "{D730A576-2171-4886-9ED4-B08B25A2BB85}"
EndProject
Project("{FAE04EC0-301F-11D3-BF4B-00C04F79EFBC}") = "JiraAssistant.Domain", "JiraAssistant.Domain\JiraAssistant.Domain.csproj", "{A89B4325-3813-430E-A3DA-853C4C8F8690}"
EndProject
Project("{FAE04EC0-301F-11D3-BF4B-00C04F79EFBC}") = "JiraAssistant.Controls", "JiraAssistant.Controls\JiraAssistant.Controls.csproj", "{0FF6D466-C5AA-4495-A5A0-36A2B1A42B88}"
EndProject
Project("{FAE04EC0-301F-11D3-BF4B-00C04F79EFBC}") = "JiraAssistant.Mono", "JiraAssistant.Mono\JiraAssistant.Mono.csproj", "{FC4DD9CC-0CFA-452D-B7EA-3C233BDFE651}"
EndProject
Global
	GlobalSection(SolutionConfigurationPlatforms) = preSolution
		Debug|Any CPU = Debug|Any CPU
		Debug|x86 = Debug|x86
		Release|Any CPU = Release|Any CPU
		Release|x86 = Release|x86
	EndGlobalSection
	GlobalSection(ProjectConfigurationPlatforms) = postSolution
		{E6F169BA-2A7A-4EFC-9A87-D8EC3DAA2929}.Debug|Any CPU.ActiveCfg = Debug|Any CPU
		{E6F169BA-2A7A-4EFC-9A87-D8EC3DAA2929}.Debug|Any CPU.Build.0 = Debug|Any CPU
		{E6F169BA-2A7A-4EFC-9A87-D8EC3DAA2929}.Debug|x86.ActiveCfg = Debug|x86
		{E6F169BA-2A7A-4EFC-9A87-D8EC3DAA2929}.Debug|x86.Build.0 = Debug|x86
		{E6F169BA-2A7A-4EFC-9A87-D8EC3DAA2929}.Release|Any CPU.ActiveCfg = Release|Any CPU
		{E6F169BA-2A7A-4EFC-9A87-D8EC3DAA2929}.Release|Any CPU.Build.0 = Release|Any CPU
		{E6F169BA-2A7A-4EFC-9A87-D8EC3DAA2929}.Release|x86.ActiveCfg = Release|x86
		{E6F169BA-2A7A-4EFC-9A87-D8EC3DAA2929}.Release|x86.Build.0 = Release|x86
		{D730A576-2171-4886-9ED4-B08B25A2BB85}.Debug|Any CPU.ActiveCfg = Debug|Any CPU
		{D730A576-2171-4886-9ED4-B08B25A2BB85}.Debug|Any CPU.Build.0 = Debug|Any CPU
		{D730A576-2171-4886-9ED4-B08B25A2BB85}.Debug|x86.ActiveCfg = Debug|Any CPU
		{D730A576-2171-4886-9ED4-B08B25A2BB85}.Debug|x86.Build.0 = Debug|Any CPU
		{D730A576-2171-4886-9ED4-B08B25A2BB85}.Release|Any CPU.ActiveCfg = Release|Any CPU
		{D730A576-2171-4886-9ED4-B08B25A2BB85}.Release|Any CPU.Build.0 = Release|Any CPU
		{D730A576-2171-4886-9ED4-B08B25A2BB85}.Release|x86.ActiveCfg = Release|Any CPU
		{D730A576-2171-4886-9ED4-B08B25A2BB85}.Release|x86.Build.0 = Release|Any CPU
		{A89B4325-3813-430E-A3DA-853C4C8F8690}.Debug|Any CPU.ActiveCfg = Debug|Any CPU
		{A89B4325-3813-430E-A3DA-853C4C8F8690}.Debug|Any CPU.Build.0 = Debug|Any CPU
		{A89B4325-3813-430E-A3DA-853C4C8F8690}.Debug|x86.ActiveCfg = Debug|Any CPU
		{A89B4325-3813-430E-A3DA-853C4C8F8690}.Debug|x86.Build.0 = Debug|Any CPU
		{A89B4325-3813-430E-A3DA-853C4C8F8690}.Release|Any CPU.ActiveCfg = Release|Any CPU
		{A89B4325-3813-430E-A3DA-853C4C8F8690}.Release|Any CPU.Build.0 = Release|Any CPU
		{A89B4325-3813-430E-A3DA-853C4C8F8690}.Release|x86.ActiveCfg = Release|Any CPU
		{A89B4325-3813-430E-A3DA-853C4C8F8690}.Release|x86.Build.0 = Release|Any CPU
		{0FF6D466-C5AA-4495-A5A0-36A2B1A42B88}.Debug|Any CPU.ActiveCfg = Debug|Any CPU
		{0FF6D466-C5AA-4495-A5A0-36A2B1A42B88}.Debug|Any CPU.Build.0 = Debug|Any CPU
		{0FF6D466-C5AA-4495-A5A0-36A2B1A42B88}.Debug|x86.ActiveCfg = Debug|Any CPU
		{0FF6D466-C5AA-4495-A5A0-36A2B1A42B88}.Debug|x86.Build.0 = Debug|Any CPU
		{0FF6D466-C5AA-4495-A5A0-36A2B1A42B88}.Release|Any CPU.ActiveCfg = Release|Any CPU
		{0FF6D466-C5AA-4495-A5A0-36A2B1A42B88}.Release|Any CPU.Build.0 = Release|Any CPU
		{0FF6D466-C5AA-4495-A5A0-36A2B1A42B88}.Release|x86.ActiveCfg = Release|Any CPU
		{0FF6D466-C5AA-4495-A5A0-36A2B1A42B88}.Release|x86.Build.0 = Release|Any CPU
		{FC4DD9CC-0CFA-452D-B7EA-3C233BDFE651}.Debug|Any CPU.ActiveCfg = Debug|Any CPU
		{FC4DD9CC-0CFA-452D-B7EA-3C233BDFE651}.Debug|Any CPU.Build.0 = Debug|Any CPU
		{FC4DD9CC-0CFA-452D-B7EA-3C233BDFE651}.Debug|x86.ActiveCfg = Debug|Any CPU
		{FC4DD9CC-0CFA-452D-B7EA-3C233BDFE651}.Debug|x86.Build.0 = Debug|Any CPU
		{FC4DD9CC-0CFA-452D-B7EA-3C233BDFE651}.Release|Any CPU.ActiveCfg = Release|Any CPU
		{FC4DD9CC-0CFA-452D-B7EA-3C233BDFE651}.Release|Any CPU.Build.0 = Release|Any CPU
		{FC4DD9CC-0CFA-452D-B7EA-3C233BDFE651}.Release|x86.ActiveCfg = Release|Any CPU
		{FC4DD9CC-0CFA-452D-B7EA-3C233BDFE651}.Release|x86.Build.0 = Release|Any CPU
	EndGlobalSection
	GlobalSection(SolutionProperties) = preSolution
		HideSolutionNode = FALSE
	EndGlobalSection
EndGlobal
