
Microsoft Visual Studio Solution File, Format Version 12.00
# Visual Studio 14
VisualStudioVersion = 14.0.23107.0
MinimumVisualStudioVersion = 10.0.40219.1
Project("{FAE04EC0-301F-11D3-BF4B-00C04F79EFBC}") = "SampleApp", "SampleApp.csproj", "{F267DA41-3012-435A-813C-6754D5BE723B}"
EndProject
Global
	GlobalSection(SolutionConfigurationPlatforms) = preSolution
		Debug|Any CPU = Debug|Any CPU
		Release|Any CPU = Release|Any CPU
	EndGlobalSection
	GlobalSection(ProjectConfigurationPlatforms) = postSolution
		{F267DA41-3012-435A-813C-6754D5BE723B}.Debug|Any CPU.ActiveCfg = Debug|Any CPU
		{F267DA41-3012-435A-813C-6754D5BE723B}.Debug|Any CPU.Build.0 = Debug|Any CPU
		{F267DA41-3012-435A-813C-6754D5BE723B}.Release|Any CPU.ActiveCfg = Release|Any CPU
		{F267DA41-3012-435A-813C-6754D5BE723B}.Release|Any CPU.Build.0 = Release|Any CPU
	EndGlobalSection
	GlobalSection(SolutionProperties) = preSolution
		HideSolutionNode = FALSE
	EndGlobalSection
EndGlobal
